
Microsoft Visual Studio Solution File, Format Version 12.00
# Visual Studio Version 17
VisualStudioVersion = 17.12.35514.174
MinimumVisualStudioVersion = 10.0.40219.1
Project("{FAE04EC0-301F-11D3-BF4B-00C04F79EFBC}") = "Project", "Project.csproj", "{6617D202-1159-4FA4-B395-5A71DD67D2B0}"
EndProject
Project("{54435603-DBB4-11D2-8724-00A0C9A8B90C}") = "ProjectInstaller", "..\ProjectInstaller\ProjectInstaller.vdproj", "{2B60DC67-BDF2-4104-BFCD-119E8AB2683D}"
EndProject
Global
	GlobalSection(SolutionConfigurationPlatforms) = preSolution
		Debug|Any CPU = Debug|Any CPU
		Release|Any CPU = Release|Any CPU
	EndGlobalSection
	GlobalSection(ProjectConfigurationPlatforms) = postSolution
		{6617D202-1159-4FA4-B395-5A71DD67D2B0}.Debug|Any CPU.ActiveCfg = Debug|Any CPU
		{6617D202-1159-4FA4-B395-5A71DD67D2B0}.Debug|Any CPU.Build.0 = Debug|Any CPU
		{6617D202-1159-4FA4-B395-5A71DD67D2B0}.Release|Any CPU.ActiveCfg = Release|Any CPU
		{6617D202-1159-4FA4-B395-5A71DD67D2B0}.Release|Any CPU.Build.0 = Release|Any CPU
		{2B60DC67-BDF2-4104-BFCD-119E8AB2683D}.Debug|Any CPU.ActiveCfg = Debug
		{2B60DC67-BDF2-4104-BFCD-119E8AB2683D}.Release|Any CPU.ActiveCfg = Release
	EndGlobalSection
	GlobalSection(SolutionProperties) = preSolution
		HideSolutionNode = FALSE
	EndGlobalSection
EndGlobal
